
Microsoft Visual Studio Solution File, Format Version 12.00
# Visual Studio 15
VisualStudioVersion = 15.0.27703.2042
MinimumVisualStudioVersion = 10.0.40219.1
Project("{8BC9CEB8-8B4A-11D0-8D11-00A0C91BC942}") = "PointlessPacks", "PointlessPacks\PointlessPacks.vcxproj", "{3041F7C3-141D-4415-814C-7D0C13F7353B}"
EndProject
Global
	GlobalSection(SolutionConfigurationPlatforms) = preSolution
		Debug|x64 = Debug|x64
		Debug|x86 = Debug|x86
		Release|x64 = Release|x64
		Release|x86 = Release|x86
	EndGlobalSection
	GlobalSection(ProjectConfigurationPlatforms) = postSolution
		{3041F7C3-141D-4415-814C-7D0C13F7353B}.Debug|x64.ActiveCfg = Debug|x64
		{3041F7C3-141D-4415-814C-7D0C13F7353B}.Debug|x64.Build.0 = Debug|x64
		{3041F7C3-141D-4415-814C-7D0C13F7353B}.Debug|x86.ActiveCfg = Debug|Win32
		{3041F7C3-141D-4415-814C-7D0C13F7353B}.Debug|x86.Build.0 = Debug|Win32
		{3041F7C3-141D-4415-814C-7D0C13F7353B}.Release|x64.ActiveCfg = Release|x64
		{3041F7C3-141D-4415-814C-7D0C13F7353B}.Release|x64.Build.0 = Release|x64
		{3041F7C3-141D-4415-814C-7D0C13F7353B}.Release|x86.ActiveCfg = Release|Win32
		{3041F7C3-141D-4415-814C-7D0C13F7353B}.Release|x86.Build.0 = Release|Win32
	EndGlobalSection
	GlobalSection(SolutionProperties) = preSolution
		HideSolutionNode = FALSE
	EndGlobalSection
	GlobalSection(ExtensibilityGlobals) = postSolution
		SolutionGuid = {32CD8501-5CCC-4448-B7C1-CB1C0AAB3A00}
	EndGlobalSection
EndGlobal
